// !$*UTF8*$!
{
	archiveVersion = 1;
	classes = {
	};
	objectVersion = 50;
	objects = {

/* Begin PBXBuildFile section */
		9BEFCCF7235E8159000906BE /* main.swift in Sources */ = {isa = PBXBuildFile; fileRef = 9BEFCCF6235E8159000906BE /* main.swift */; };
		9BEFCD05235E8659000906BE /* sample.json in CopyFiles */ = {isa = PBXBuildFile; fileRef = 9BEFCCFD235E81E1000906BE /* sample.json */; };
		9BEFCD08235E86B6000906BE /* Employee.swift in Sources */ = {isa = PBXBuildFile; fileRef = 9BEFCD07235E86B6000906BE /* Employee.swift */; };
		9BEFCD0C235E86D5000906BE /* PartTime.swift in Sources */ = {isa = PBXBuildFile; fileRef = 9BEFCD0B235E86D5000906BE /* PartTime.swift */; };
		9BEFCD0E235E86E5000906BE /* FullTime.swift in Sources */ = {isa = PBXBuildFile; fileRef = 9BEFCD0D235E86E5000906BE /* FullTime.swift */; };
		9BEFCD10235E86FC000906BE /* CommisionBasedPartTime.swift in Sources */ = {isa = PBXBuildFile; fileRef = 9BEFCD0F235E86FC000906BE /* CommisionBasedPartTime.swift */; };
		9BEFCD13235E8719000906BE /* FixedBasedPartTime.swift in Sources */ = {isa = PBXBuildFile; fileRef = 9BEFCD12235E8719000906BE /* FixedBasedPartTime.swift */; };
		9BEFCD15235E872F000906BE /* IDisplay.swift in Sources */ = {isa = PBXBuildFile; fileRef = 9BEFCD14235E872F000906BE /* IDisplay.swift */; };
/* End PBXBuildFile section */

/* Begin PBXCopyFilesBuildPhase section */
		9BEFCCF1235E8159000906BE /* CopyFiles */ = {
			isa = PBXCopyFilesBuildPhase;
			buildActionMask = 2147483647;
			dstPath = /usr/share/man/man1/;
			dstSubfolderSpec = 0;
			files = (
			);
			runOnlyForDeploymentPostprocessing = 1;
		};
		9BEFCD02235E858C000906BE /* CopyFiles */ = {
			isa = PBXCopyFilesBuildPhase;
			buildActionMask = 2147483647;
			dstPath = "";
			dstSubfolderSpec = 7;
			files = (
				9BEFCD05235E8659000906BE /* sample.json in CopyFiles */,
			);
			runOnlyForDeploymentPostprocessing = 0;
		};
/* End PBXCopyFilesBuildPhase section */

/* Begin PBXFileReference section */
		9BEFCCF3235E8159000906BE /* readingjson */ = {isa = PBXFileReference; explicitFileType = "compiled.mach-o.executable"; includeInIndex = 0; path = readingjson; sourceTree = BUILT_PRODUCTS_DIR; };
		9BEFCCF6235E8159000906BE /* main.swift */ = {isa = PBXFileReference; lastKnownFileType = sourcecode.swift; path = main.swift; sourceTree = "<group>"; };
		9BEFCCFD235E81E1000906BE /* sample.json */ = {isa = PBXFileReference; lastKnownFileType = text.json; path = sample.json; sourceTree = "<group>"; };
		9BEFCD07235E86B6000906BE /* Employee.swift */ = {isa = PBXFileReference; lastKnownFileType = sourcecode.swift; path = Employee.swift; sourceTree = "<group>"; };
		9BEFCD0B235E86D5000906BE /* PartTime.swift */ = {isa = PBXFileReference; lastKnownFileType = sourcecode.swift; path = PartTime.swift; sourceTree = "<group>"; };
		9BEFCD0D235E86E5000906BE /* FullTime.swift */ = {isa = PBXFileReference; lastKnownFileType = sourcecode.swift; path = FullTime.swift; sourceTree = "<group>"; };
		9BEFCD0F235E86FC000906BE /* CommisionBasedPartTime.swift */ = {isa = PBXFileReference; lastKnownFileType = sourcecode.swift; path = CommisionBasedPartTime.swift; sourceTree = "<group>"; };
		9BEFCD12235E8719000906BE /* FixedBasedPartTime.swift */ = {isa = PBXFileReference; lastKnownFileType = sourcecode.swift; path = FixedBasedPartTime.swift; sourceTree = "<group>"; };
		9BEFCD14235E872F000906BE /* IDisplay.swift */ = {isa = PBXFileReference; lastKnownFileType = sourcecode.swift; path = IDisplay.swift; sourceTree = "<group>"; };
/* End PBXFileReference section */

/* Begin PBXFrameworksBuildPhase section */
		9BEFCCF0235E8159000906BE /* Frameworks */ = {
			isa = PBXFrameworksBuildPhase;
			buildActionMask = 2147483647;
			files = (
			);
			runOnlyForDeploymentPostprocessing = 0;
		};
/* End PBXFrameworksBuildPhase section */

/* Begin PBXGroup section */
		9BEFCCEA235E8159000906BE = {
			isa = PBXGroup;
			children = (
				9BEFCD06235E869A000906BE /* Employee */,
				9BEFCCF5235E8159000906BE /* readingjson */,
				9BEFCCF4235E8159000906BE /* Products */,
				9BEFCCFF235E8263000906BE /* Frameworks */,
			);
			sourceTree = "<group>";
		};
		9BEFCCF4235E8159000906BE /* Products */ = {
			isa = PBXGroup;
			children = (
				9BEFCCF3235E8159000906BE /* readingjson */,
			);
			name = Products;
			sourceTree = "<group>";
		};
		9BEFCCF5235E8159000906BE /* readingjson */ = {
			isa = PBXGroup;
			children = (
				9BEFCCF6235E8159000906BE /* main.swift */,
				9BEFCD14235E872F000906BE /* IDisplay.swift */,
				9BEFCCFD235E81E1000906BE /* sample.json */,
			);
			path = readingjson;
			sourceTree = "<group>";
		};
		9BEFCCFF235E8263000906BE /* Frameworks */ = {
			isa = PBXGroup;
			children = (
			);
			name = Frameworks;
			sourceTree = "<group>";
		};
		9BEFCD06235E869A000906BE /* Employee */ = {
			isa = PBXGroup;
			children = (
				9BEFCD07235E86B6000906BE /* Employee.swift */,
				9BEFCD0B235E86D5000906BE /* PartTime.swift */,
				9BEFCD0D235E86E5000906BE /* FullTime.swift */,
				9BEFCD0F235E86FC000906BE /* CommisionBasedPartTime.swift */,
				9BEFCD12235E8719000906BE /* FixedBasedPartTime.swift */,
			);
			path = Employee;
			sourceTree = "<group>";
		};
/* End PBXGroup section */

/* Begin PBXNativeTarget section */
		9BEFCCF2235E8159000906BE /* readingjson */ = {
			isa = PBXNativeTarget;
			buildConfigurationList = 9BEFCCFA235E8159000906BE /* Build configuration list for PBXNativeTarget "readingjson" */;
			buildPhases = (
				9BEFCCEF235E8159000906BE /* Sources */,
				9BEFCCF0235E8159000906BE /* Frameworks */,
				9BEFCCF1235E8159000906BE /* CopyFiles */,
				9BEFCD02235E858C000906BE /* CopyFiles */,
			);
			buildRules = (
			);
			dependencies = (
			);
			name = readingjson;
			productName = readingjson;
			productReference = 9BEFCCF3235E8159000906BE /* readingjson */;
			productType = "com.apple.product-type.tool";
		};
/* End PBXNativeTarget section */

/* Begin PBXProject section */
		9BEFCCEB235E8159000906BE /* Project object */ = {
			isa = PBXProject;
			attributes = {
				LastSwiftUpdateCheck = 1030;
				LastUpgradeCheck = 1030;
				ORGANIZATIONNAME = MacStudent;
				TargetAttributes = {
					9BEFCCF2235E8159000906BE = {
						CreatedOnToolsVersion = 10.3;
					};
				};
			};
			buildConfigurationList = 9BEFCCEE235E8159000906BE /* Build configuration list for PBXProject "readingjson" */;
			compatibilityVersion = "Xcode 9.3";
			developmentRegion = en;
			hasScannedForEncodings = 0;
			knownRegions = (
				en,
			);
			mainGroup = 9BEFCCEA235E8159000906BE;
			productRefGroup = 9BEFCCF4235E8159000906BE /* Products */;
			projectDirPath = "";
			projectRoot = "";
			targets = (
				9BEFCCF2235E8159000906BE /* readingjson */,
			);
		};
/* End PBXProject section */

/* Begin PBXSourcesBuildPhase section */
		9BEFCCEF235E8159000906BE /* Sources */ = {
			isa = PBXSourcesBuildPhase;
			buildActionMask = 2147483647;
			files = (
				9BEFCD10235E86FC000906BE /* CommisionBasedPartTime.swift in Sources */,
				9BEFCCF7235E8159000906BE /* main.swift in Sources */,
				9BEFCD08235E86B6000906BE /* Employee.swift in Sources */,
				9BEFCD15235E872F000906BE /* IDisplay.swift in Sources */,
				9BEFCD0C235E86D5000906BE /* PartTime.swift in Sources */,
				9BEFCD13235E8719000906BE /* FixedBasedPartTime.swift in Sources */,
				9BEFCD0E235E86E5000906BE /* FullTime.swift in Sources */,
			);
			runOnlyForDeploymentPostprocessing = 0;
		};
/* End PBXSourcesBuildPhase section */

/* Begin XCBuildConfiguration section */
		9BEFCCF8235E8159000906BE /* Debug */ = {
			isa = XCBuildConfiguration;
			buildSettings = {
				ALWAYS_SEARCH_USER_PATHS = NO;
				CLANG_ANALYZER_NONNULL = YES;
				CLANG_ANALYZER_NUMBER_OBJECT_CONVERSION = YES_AGGRESSIVE;
				CLANG_CXX_LANGUAGE_STANDARD = "gnu++14";
				CLANG_CXX_LIBRARY = "libc++";
				CLANG_ENABLE_MODULES = YES;
				CLANG_ENABLE_OBJC_ARC = YES;
				CLANG_ENABLE_OBJC_WEAK = YES;
				CLANG_WARN_BLOCK_CAPTURE_AUTORELEASING = YES;
				CLANG_WARN_BOOL_CONVERSION = YES;
				CLANG_WARN_COMMA = YES;
				CLANG_WARN_CONSTANT_CONVERSION = YES;
				CLANG_WARN_DEPRECATED_OBJC_IMPLEMENTATIONS = YES;
				CLANG_WARN_DIRECT_OBJC_ISA_USAGE = YES_ERROR;
				CLANG_WARN_DOCUMENTATION_COMMENTS = YES;
				CLANG_WARN_EMPTY_BODY = YES;
				CLANG_WARN_ENUM_CONVERSION = YES;
				CLANG_WARN_INFINITE_RECURSION = YES;
				CLANG_WARN_INT_CONVERSION = YES;
				CLANG_WARN_NON_LITERAL_NULL_CONVERSION = YES;
				CLANG_WARN_OBJC_IMPLICIT_RETAIN_SELF = YES;
				CLANG_WARN_OBJC_LITERAL_CONVERSION = YES;
				CLANG_WARN_OBJC_ROOT_CLASS = YES_ERROR;
				CLANG_WARN_RANGE_LOOP_ANALYSIS = YES;
				CLANG_WARN_STRICT_PROTOTYPES = YES;
				CLANG_WARN_SUSPICIOUS_MOVE = YES;
				CLANG_WARN_UNGUARDED_AVAILABILITY = YES_AGGRESSIVE;
				CLANG_WARN_UNREACHABLE_CODE = YES;
				CLANG_WARN__DUPLICATE_METHOD_MATCH = YES;
				CODE_SIGN_IDENTITY = "-";
				COPY_PHASE_STRIP = NO;
				DEBUG_INFORMATION_FORMAT = dwarf;
				ENABLE_STRICT_OBJC_MSGSEND = YES;
				ENABLE_TESTABILITY = YES;
				GCC_C_LANGUAGE_STANDARD = gnu11;
				GCC_DYNAMIC_NO_PIC = NO;
				GCC_NO_COMMON_BLOCKS = YES;
				GCC_OPTIMIZATION_LEVEL = 0;
				GCC_PREPROCESSOR_DEFINITIONS = (
					"DEBUG=1",
					"$(inherited)",
				);
				GCC_WARN_64_TO_32_BIT_CONVERSION = YES;
				GCC_WARN_ABOUT_RETURN_TYPE = YES_ERROR;
				GCC_WARN_UNDECLARED_SELECTOR = YES;
				GCC_WARN_UNINITIALIZED_AUTOS = YES_AGGRESSIVE;
				GCC_WARN_UNUSED_FUNCTION = YES;
				GCC_WARN_UNUSED_VARIABLE = YES;
				MACOSX_DEPLOYMENT_TARGET = 10.14;
				MTL_ENABLE_DEBUG_INFO = INCLUDE_SOURCE;
				MTL_FAST_MATH = YES;
				ONLY_ACTIVE_ARCH = YES;
				SDKROOT = macosx;
				SWIFT_ACTIVE_COMPILATION_CONDITIONS = DEBUG;
				SWIFT_OPTIMIZATION_LEVEL = "-Onone";
			};
			name = Debug;
		};
		9BEFCCF9235E8159000906BE /* Release */ = {
			isa = XCBuildConfiguration;
			buildSettings = {
				ALWAYS_SEARCH_USER_PATHS = NO;
				CLANG_ANALYZER_NONNULL = YES;
				CLANG_ANALYZER_NUMBER_OBJECT_CONVERSION = YES_AGGRESSIVE;
				CLANG_CXX_LANGUAGE_STANDARD = "gnu++14";
				CLANG_CXX_LIBRARY = "libc++";
				CLANG_ENABLE_MODULES = YES;
				CLANG_ENABLE_OBJC_ARC = YES;
				CLANG_ENABLE_OBJC_WEAK = YES;
				CLANG_WARN_BLOCK_CAPTURE_AUTORELEASING = YES;
				CLANG_WARN_BOOL_CONVERSION = YES;
				CLANG_WARN_COMMA = YES;
				CLANG_WARN_CONSTANT_CONVERSION = YES;
				CLANG_WARN_DEPRECATED_OBJC_IMPLEMENTATIONS = YES;
				CLANG_WARN_DIRECT_OBJC_ISA_USAGE = YES_ERROR;
				CLANG_WARN_DOCUMENTATION_COMMENTS = YES;
				CLANG_WARN_EMPTY_BODY = YES;
				CLANG_WARN_ENUM_CONVERSION = YES;
				CLANG_WARN_INFINITE_RECURSION = YES;
				CLANG_WARN_INT_CONVERSION = YES;
				CLANG_WARN_NON_LITERAL_NULL_CONVERSION = YES;
				CLANG_WARN_OBJC_IMPLICIT_RETAIN_SELF = YES;
				CLANG_WARN_OBJC_LITERAL_CONVERSION = YES;
				CLANG_WARN_OBJC_ROOT_CLASS = YES_ERROR;
				CLANG_WARN_RANGE_LOOP_ANALYSIS = YES;
				CLANG_WARN_STRICT_PROTOTYPES = YES;
				CLANG_WARN_SUSPICIOUS_MOVE = YES;
				CLANG_WARN_UNGUARDED_AVAILABILITY = YES_AGGRESSIVE;
				CLANG_WARN_UNREACHABLE_CODE = YES;
				CLANG_WARN__DUPLICATE_METHOD_MATCH = YES;
				CODE_SIGN_IDENTITY = "-";
				COPY_PHASE_STRIP = NO;
				DEBUG_INFORMATION_FORMAT = "dwarf-with-dsym";
				ENABLE_NS_ASSERTIONS = NO;
				ENABLE_STRICT_OBJC_MSGSEND = YES;
				GCC_C_LANGUAGE_STANDARD = gnu11;
				GCC_NO_COMMON_BLOCKS = YES;
				GCC_WARN_64_TO_32_BIT_CONVERSION = YES;
				GCC_WARN_ABOUT_RETURN_TYPE = YES_ERROR;
				GCC_WARN_UNDECLARED_SELECTOR = YES;
				GCC_WARN_UNINITIALIZED_AUTOS = YES_AGGRESSIVE;
				GCC_WARN_UNUSED_FUNCTION = YES;
				GCC_WARN_UNUSED_VARIABLE = YES;
				MACOSX_DEPLOYMENT_TARGET = 10.14;
				MTL_ENABLE_DEBUG_INFO = NO;
				MTL_FAST_MATH = YES;
				SDKROOT = macosx;
				SWIFT_COMPILATION_MODE = wholemodule;
				SWIFT_OPTIMIZATION_LEVEL = "-O";
			};
			name = Release;
		};
		9BEFCCFB235E8159000906BE /* Debug */ = {
			isa = XCBuildConfiguration;
			buildSettings = {
				CODE_SIGN_STYLE = Automatic;
				PRODUCT_NAME = "$(TARGET_NAME)";
				SWIFT_VERSION = 5.0;
			};
			name = Debug;
		};
		9BEFCCFC235E8159000906BE /* Release */ = {
			isa = XCBuildConfiguration;
			buildSettings = {
				CODE_SIGN_STYLE = Automatic;
				PRODUCT_NAME = "$(TARGET_NAME)";
				SWIFT_VERSION = 5.0;
			};
			name = Release;
		};
/* End XCBuildConfiguration section */

/* Begin XCConfigurationList section */
		9BEFCCEE235E8159000906BE /* Build configuration list for PBXProject "readingjson" */ = {
			isa = XCConfigurationList;
			buildConfigurations = (
				9BEFCCF8235E8159000906BE /* Debug */,
				9BEFCCF9235E8159000906BE /* Release */,
			);
			defaultConfigurationIsVisible = 0;
			defaultConfigurationName = Release;
		};
		9BEFCCFA235E8159000906BE /* Build configuration list for PBXNativeTarget "readingjson" */ = {
			isa = XCConfigurationList;
			buildConfigurations = (
				9BEFCCFB235E8159000906BE /* Debug */,
				9BEFCCFC235E8159000906BE /* Release */,
			);
			defaultConfigurationIsVisible = 0;
			defaultConfigurationName = Release;
		};
/* End XCConfigurationList section */
	};
	rootObject = 9BEFCCEB235E8159000906BE /* Project object */;
}
